
Microsoft Visual Studio Solution File, Format Version 12.00
# Visual Studio 14
VisualStudioVersion = 14.0.25420.1
MinimumVisualStudioVersion = 10.0.40219.1
Project("{FAE04EC0-301F-11D3-BF4B-00C04F79EFBC}") = "ColduTourmalet.web", "ColduTourmalet.web\ColduTourmalet.web.csproj", "{77EE6981-D86C-4F96-A75D-92DAA0D567FE}"
EndProject
Project("{2150E333-8FDC-42A3-9474-1A3956D46DE8}") = "SolutionFiles", "SolutionFiles", "{E1C42CE8-340E-4B11-A38F-C581F995EB53}"
	ProjectSection(SolutionItems) = preProject
		.gitattributes = .gitattributes
		.gitignore = .gitignore
		README.md = README.md
	EndProjectSection
EndProject
Project("{FAE04EC0-301F-11D3-BF4B-00C04F79EFBC}") = "ColduTourmalet.tests", "ColduTourmalet.tests\ColduTourmalet.tests.csproj", "{F527E677-FE14-4898-872F-98818E8A316A}"
EndProject
Global
	GlobalSection(SolutionConfigurationPlatforms) = preSolution
		Debug|Any CPU = Debug|Any CPU
		Release|Any CPU = Release|Any CPU
	EndGlobalSection
	GlobalSection(ProjectConfigurationPlatforms) = postSolution
		{77EE6981-D86C-4F96-A75D-92DAA0D567FE}.Debug|Any CPU.ActiveCfg = Debug|Any CPU
		{77EE6981-D86C-4F96-A75D-92DAA0D567FE}.Debug|Any CPU.Build.0 = Debug|Any CPU
		{77EE6981-D86C-4F96-A75D-92DAA0D567FE}.Release|Any CPU.ActiveCfg = Release|Any CPU
		{77EE6981-D86C-4F96-A75D-92DAA0D567FE}.Release|Any CPU.Build.0 = Release|Any CPU
		{F527E677-FE14-4898-872F-98818E8A316A}.Debug|Any CPU.ActiveCfg = Debug|Any CPU
		{F527E677-FE14-4898-872F-98818E8A316A}.Debug|Any CPU.Build.0 = Debug|Any CPU
		{F527E677-FE14-4898-872F-98818E8A316A}.Release|Any CPU.ActiveCfg = Release|Any CPU
		{F527E677-FE14-4898-872F-98818E8A316A}.Release|Any CPU.Build.0 = Release|Any CPU
	EndGlobalSection
	GlobalSection(SolutionProperties) = preSolution
		HideSolutionNode = FALSE
	EndGlobalSection
EndGlobal
